schema: '2.0'
stages:
  data_ingestion:
    cmd: python src\data\data_ingestion.py
    deps:
    - path: .\src\data\data_ingestion.py
      hash: md5
      md5: 49a5048ff4268a0dbc8c4c82e7e41067
      size: 3428
    params:
      params.yaml:
        data_ingestion.test_size: 0.2
    outs:
    - path: data\raw\test.csv
      hash: md5
      md5: 35b06980c6e00772e6bf783ae10ab9b7
      size: 164174
    - path: data\raw\train.csv
      hash: md5
      md5: a2aa88dfae8af3dc60e6e24a09304f4e
      size: 663799
  data_preprocessing:
    cmd: python .\src\data\data_preprocessing.py
    deps:
    - path: .\src\data\data_preprocessing.py
      hash: md5
      md5: 8481afc91492be928cc88c9935fbe8db
      size: 5367
    - path: data\raw\test.csv
      hash: md5
      md5: 35b06980c6e00772e6bf783ae10ab9b7
      size: 164174
    - path: data\raw\train.csv
      hash: md5
      md5: a2aa88dfae8af3dc60e6e24a09304f4e
      size: 663799
    outs:
    - path: .\data\processed\test.csv
      hash: md5
      md5: a42cd53076fe46c3b3bff06dd938f5ed
      size: 111431
    - path: .\data\processed\train.csv
      hash: md5
      md5: 2cfcecd0aaade395af0aed3339f55ba9
      size: 449090
  feature_engg:
    cmd: python .\src\features\feature_engg.py
    deps:
    - path: .\src\features\feature_engg.py
      hash: md5
      md5: 4dd4d1d98c296b62adb19c293aba9c53
      size: 3836
    - path: data\processed\test.csv
      hash: md5
      md5: a42cd53076fe46c3b3bff06dd938f5ed
      size: 111431
    - path: data\processed\train.csv
      hash: md5
      md5: 2cfcecd0aaade395af0aed3339f55ba9
      size: 449090
    params:
      params.yaml:
        feature_engg.max_features: 1500
    outs:
    - path: data\interim\test_bow.csv
      hash: md5
      md5: 6bda69332855748a8e87128955c2e8c3
      size: 5925314
    - path: data\interim\train_bow.csv
      hash: md5
      md5: d48d61835acb393b4208829719e06cd3
      size: 23814185
  modelling:
    cmd: python .\src\models\modelling.py
    deps:
    - path: .\src\models\modelling.py
      hash: md5
      md5: 510ee3d98c598aa4d244d9167be74da5
      size: 3133
    - path: data\interim\train_bow.csv
      hash: md5
      md5: d48d61835acb393b4208829719e06cd3
      size: 23814185
    params:
      params.yaml:
        modelling.max_depth: 30
        modelling.n_estimators: 120
    outs:
    - path: models\random_forest_model.pkl
      hash: md5
      md5: 9c5dca11c2a5bb707e5c465b215e9650
      size: 8202490
  model_evaluation:
    cmd: python .\src\models\model_evaluation.py
    deps:
    - path: .\src\models\model_evaluation.py
      hash: md5
      md5: d19c6c9dbd32cc46ca7161633674fec2
      size: 3362
    - path: data\interim\test_bow.csv
      hash: md5
      md5: 6bda69332855748a8e87128955c2e8c3
      size: 5925314
    - path: models\random_forest_model.pkl
      hash: md5
      md5: 9c5dca11c2a5bb707e5c465b215e9650
      size: 8202490
    outs:
    - path: reports\model_evaluation.json
      hash: md5
      md5: 35c992d2cb62bc398d8c44f6647b2d93
      size: 145
